uuid: 775ad621-06bb-4bde-bb3e-6822658c21c9
langcode: en
status: true
dependencies:
  module:
    - localgov_guides
  theme:
    - essex
id: guidesprevnextblock
theme: essex
region: content_bottom
weight: -13
provider: null
plugin: localgov_guides_prev_next_block
settings:
  id: localgov_guides_prev_next_block
  label: 'Guides prev next block'
  label_display: '0'
  provider: localgov_guides
visibility: {  }
