uuid: 45834854-74cc-4c1e-b891-ede1d84f2d8d
langcode: en
status: true
dependencies:
  module:
    - localgov_publications
    - node
  theme:
    - ecc_theme_intranet
id: ecc_theme_intranet_localgov_publications_page_header_block
theme: ecc_theme_intranet
region: content_top
weight: -100
provider: null
plugin: localgov_publications_page_header_block
settings:
  id: localgov_publications_page_header_block
  label: 'Publications page header block.'
  label_display: '0'
  provider: localgov_publications
  context_mapping:
    node: '@node.node_route_context:node'
visibility:
  'entity_bundle:node':
    id: 'entity_bundle:node'
    negate: false
    context_mapping:
      node: '@node.node_route_context:node'
    bundles:
      localgov_publication_cover_page: localgov_publication_cover_page
      localgov_publication_page: localgov_publication_page
