uuid: 00788b14-cd44-4629-a3b8-849063232628
langcode: en
status: true
dependencies:
  config:
    - views.view.new_comments_for_review
  module:
    - block_classes
    - user
    - views
  theme:
    - ecc_theme_intranet
id: ecc_theme_intranet_views_block__new_comments_review_block
theme: ecc_theme_intranet
region: tabs
weight: -16
provider: null
plugin: 'views_block:new_comments_for_review-block_comment_alert'
settings:
  id: 'views_block:new_comments_for_review-block_comment_alert'
  label: ''
  label_display: '0'
  provider: views
  views_label: ''
  items_per_page: none
visibility:
  user_role:
    id: user_role
    negate: false
    context_mapping:
      user: '@user.current_user_context:current_user'
    roles:
      localgov_news_editor: localgov_news_editor
      localgov_editor: localgov_editor
