uuid: d8fa915e-7dd6-489f-b11d-5d6c7bf95c6a
langcode: en
status: true
dependencies:
  module:
    - block_classes
    - cludo_search
    - system
  theme:
    - ecc_theme_intranet
id: ecc_theme_intranet_cludosearchblock
theme: ecc_theme_intranet
region: search
weight: 0
provider: null
plugin: cludo_search
settings:
  id: cludo_search
  label: 'Cludo Search block'
  label_display: '0'
  provider: cludo_search
visibility:
  request_path:
    id: request_path
    negate: true
    pages: /csearch
